# This file is automatically @generated by Poetry 1.8.3 and should not be changed by hand.

[[package]]
name = "argcomplete"
version = "3.4.0"
description = "Bash tab completion for argparse"
optional = false
python-versions = ">=3.8"
files = [
    {file = "argcomplete-3.4.0-py3-none-any.whl", hash = "sha256:69a79e083a716173e5532e0fa3bef45f793f4e61096cf52b5a42c0211c8b8aa5"},
    {file = "argcomplete-3.4.0.tar.gz", hash = "sha256:c2abcdfe1be8ace47ba777d4fce319eb13bf8ad9dace8d085dcad6eded88057f"},
]

[package.extras]
test = ["coverage", "mypy", "pexpect", "ruff", "wheel"]

[[package]]
name = "asgiref"
version = "3.8.1"
description = "ASGI specs, helper code, and adapters"
optional = false
python-versions = ">=3.8"
files = [
    {file = "asgiref-3.8.1-py3-none-any.whl", hash = "sha256:3e1e3ecc849832fe52ccf2cb6686b7a55f82bb1d6aee72a58826471390335e47"},
    {file = "asgiref-3.8.1.tar.gz", hash = "sha256:c343bd80a0bec947a9860adb4c432ffa7db769836c64238fc34bdc3fec84d590"},
]

[package.dependencies]
typing-extensions = {version = ">=4", markers = "python_version < \"3.11\""}

[package.extras]
tests = ["mypy (>=0.800)", "pytest", "pytest-asyncio"]

[[package]]
name = "bump2version"
version = "1.0.1"
description = "Version-bump your software with a single command!"
optional = false
python-versions = ">=3.5"
files = [
    {file = "bump2version-1.0.1-py2.py3-none-any.whl", hash = "sha256:37f927ea17cde7ae2d7baf832f8e80ce3777624554a653006c9144f8017fe410"},
    {file = "bump2version-1.0.1.tar.gz", hash = "sha256:762cb2bfad61f4ec8e2bdf452c7c267416f8c70dd9ecb1653fd0bbb01fa936e6"},
]

[[package]]
name = "colorama"
version = "0.4.6"
description = "Cross-platform colored terminal text."
optional = false
python-versions = "!=3.0.*,!=3.1.*,!=3.2.*,!=3.3.*,!=3.4.*,!=3.5.*,!=3.6.*,>=2.7"
files = [
    {file = "colorama-0.4.6-py2.py3-none-any.whl", hash = "sha256:4f1d9991f5acc0ca119f9d443620b77f9d6b33703e51011c16baf57afb285fc6"},
    {file = "colorama-0.4.6.tar.gz", hash = "sha256:08695f5cb7ed6e0531a20572697297273c47b8cae5a63ffc6d6ed5c201be6e44"},
]

[[package]]
name = "colorlog"
version = "6.8.2"
description = "Add colours to the output of Python's logging module."
optional = false
python-versions = ">=3.6"
files = [
    {file = "colorlog-6.8.2-py3-none-any.whl", hash = "sha256:4dcbb62368e2800cb3c5abd348da7e53f6c362dda502ec27c560b2e58a66bd33"},
    {file = "colorlog-6.8.2.tar.gz", hash = "sha256:3e3e079a41feb5a1b64f978b5ea4f46040a94f11f0e8bbb8261e3dbbeca64d44"},
]

[package.dependencies]
colorama = {version = "*", markers = "sys_platform == \"win32\""}

[package.extras]
development = ["black", "flake8", "mypy", "pytest", "types-colorama"]

[[package]]
name = "distlib"
version = "0.3.8"
description = "Distribution utilities"
optional = false
python-versions = "*"
files = [
    {file = "distlib-0.3.8-py2.py3-none-any.whl", hash = "sha256:034db59a0b96f8ca18035f36290806a9a6e6bd9d1ff91e45a7f172eb17e51784"},
    {file = "distlib-0.3.8.tar.gz", hash = "sha256:1530ea13e350031b6312d8580ddb6b27a104275a31106523b8f123787f494f64"},
]

[[package]]
name = "dj-database-url"
version = "2.2.0"
description = "Use Database URLs in your Django Application."
optional = false
python-versions = "*"
files = [
    {file = "dj_database_url-2.2.0-py3-none-any.whl", hash = "sha256:3e792567b0aa9a4884860af05fe2aa4968071ad351e033b6db632f97ac6db9de"},
    {file = "dj_database_url-2.2.0.tar.gz", hash = "sha256:9f9b05058ddf888f1e6f840048b8d705ff9395e3b52a07165daa3d8b9360551b"},
]

[package.dependencies]
Django = ">=3.2"
typing_extensions = ">=3.10.0.0"

[[package]]
name = "django"
version = "4.2.14"
description = "A high-level Python web framework that encourages rapid development and clean, pragmatic design."
optional = false
python-versions = ">=3.8"
files = [
    {file = "Django-4.2.14-py3-none-any.whl", hash = "sha256:3ec32bc2c616ab02834b9cac93143a7dc1cdcd5b822d78ac95fc20a38c534240"},
    {file = "Django-4.2.14.tar.gz", hash = "sha256:fc6919875a6226c7ffcae1a7d51e0f2ceaf6f160393180818f6c95f51b1e7b96"},
]

[package.dependencies]
asgiref = ">=3.6.0,<4"
sqlparse = ">=0.3.1"
tzdata = {version = "*", markers = "sys_platform == \"win32\""}

[package.extras]
argon2 = ["argon2-cffi (>=19.1.0)"]
bcrypt = ["bcrypt"]

[[package]]
name = "django-app-helper"
version = "3.3.4"
description = "Helper for django applications development"
optional = false
python-versions = ">=3.7"
files = [
    {file = "django-app-helper-3.3.4.tar.gz", hash = "sha256:ee4a8852227d0cf5586a85948dfb6d82b72a8846b9e3cb2f77a25e1360ad38ae"},
    {file = "django_app_helper-3.3.4-py2.py3-none-any.whl", hash = "sha256:8bb50de46ebdb84082be01166a8d5f321f28da61c9c824a60aee1a4f736a64f9"},
]

[package.dependencies]
dj-database-url = "*"
docopt = "*"
setuptools = {version = "*", markers = "python_version >= \"3.12\""}
six = "*"

[package.extras]
async = ["channels", "daphne"]
cms = ["django-cms (>=3.7,<3.12)"]
docs = ["sphinx-rtd-theme"]

[[package]]
name = "django-classy-tags"
version = "4.1.0"
description = "Class based template tags for Django"
optional = false
python-versions = ">=3.8"
files = [
    {file = "django-classy-tags-4.1.0.tar.gz", hash = "sha256:c8d9d1aa2fa6e71c4d866df4dd11d23a69b8d25bbb750b2490a17b161774ee59"},
    {file = "django_classy_tags-4.1.0-py3-none-any.whl", hash = "sha256:1c784cf1bac49c20a77b8f7d1541867c64076642a160a847ff449588d4e01e55"},
]

[package.dependencies]
django = ">=3.2"

[[package]]
name = "django-cms"
version = "4.1.2"
description = "Lean enterprise content management powered by Django."
optional = false
python-versions = ">=3.8"
files = [
    {file = "django_cms-4.1.2-py2.py3-none-any.whl", hash = "sha256:13adddd5ad6658e8190981a2a9dd90f69532a14e4742d605cfe6def953a1573e"},
    {file = "django_cms-4.1.2.tar.gz", hash = "sha256:4ecc01c1540a0c96fa3183681cea7f5e07fd806b17a6b640c155c351b6271477"},
]

[package.dependencies]
Django = ">=2.2"
django-classy-tags = ">=0.7.2"
django-formtools = ">=2.1"
django-sekizai = ">=0.7"
django-treebeard = ">=4.3"
djangocms-admin-style = ">=1.2"
packaging = "*"
setuptools = "*"

[package.extras]
argon2 = ["argon2-cffi (>=19.1.0)"]
bcrypt = ["bcrypt"]

[[package]]
name = "django-formtools"
version = "2.5.1"
description = "A set of high-level abstractions for Django forms"
optional = false
python-versions = ">=3.8"
files = [
    {file = "django-formtools-2.5.1.tar.gz", hash = "sha256:47cb34552c6efca088863d693284d04fc36eaaf350eb21e1a1d935e0df523c93"},
    {file = "django_formtools-2.5.1-py3-none-any.whl", hash = "sha256:bce9b64eda52cc1eef6961cc649cf75aacd1a707c2fff08d6c3efcbc8e7e761a"},
]

[package.dependencies]
Django = ">=3.2"

[[package]]
name = "django-haystack"
version = "3.3.0"
description = "Pluggable search for Django."
optional = false
python-versions = "*"
files = [
    {file = "django_haystack-3.3.0.tar.gz", hash = "sha256:e3ceed6b8000625da14d409eb4dac69894905e2ac8ac18f9bfdb59323ca02eab"},
]

[package.dependencies]
Django = ">=3.2"
packaging = "*"

[package.extras]
elasticsearch = ["elasticsearch (>=5,<8)"]
testing = ["coverage", "geopy (==2)", "pysolr (>=3.7)", "python-dateutil", "requests", "whoosh (>=2.5.4,<3.0)"]

[[package]]
name = "django-sekizai"
version = "4.1.0"
description = "Django Sekizai"
optional = false
python-versions = ">=3.8"
files = [
    {file = "django-sekizai-4.1.0.tar.gz", hash = "sha256:2aca36cbae0b5c0cefed9565416ec442335767fb3145bff11e58622fc653cdad"},
    {file = "django_sekizai-4.1.0-py3-none-any.whl", hash = "sha256:aa12e66ba0335fbe726b7d74cf4e8716b89a0be99a1304a9b9e8b191229e2e4a"},
]

[package.dependencies]
django = ">=3.2"
django-classy-tags = ">=3.0"

[[package]]
name = "django-treebeard"
version = "4.7.1"
description = "Efficient tree implementations for Django"
optional = false
python-versions = ">=3.8"
files = [
    {file = "django-treebeard-4.7.1.tar.gz", hash = "sha256:846e462904b437155f76e04907ba4e48480716855f88b898df4122bdcfbd6e98"},
    {file = "django_treebeard-4.7.1-py3-none-any.whl", hash = "sha256:995c7120153ab999898fe3043bbdcd8a0fc77cc106eb94de7350e9d02c885135"},
]

[package.dependencies]
Django = ">=3.2"

[[package]]
name = "djangocms-admin-style"
version = "3.3.1"
description = "Adds pretty CSS styles for the django CMS admin interface."
optional = false
python-versions = ">=3.7"
files = [
    {file = "djangocms-admin-style-3.3.1.tar.gz", hash = "sha256:da20de3831f1a1a74de33fe12bbd3865a0027a982878c02aa1d102b1c799d767"},
    {file = "djangocms_admin_style-3.3.1-py3-none-any.whl", hash = "sha256:9b76aafda245205e0a88d57efd5097a96c1a7fcb78d7f3efa50955eb980079de"},
]

[package.dependencies]
Django = "*"

[[package]]
name = "docopt"
version = "0.6.2"
description = "Pythonic argument parser, that will make you smile"
optional = false
python-versions = "*"
files = [
    {file = "docopt-0.6.2.tar.gz", hash = "sha256:49b3a825280bd66b3aa83585ef59c4a8c82f2c8a522dbe754a8bc8d08c85c491"},
]

[[package]]
name = "exceptiongroup"
version = "1.2.2"
description = "Backport of PEP 654 (exception groups)"
optional = false
python-versions = ">=3.7"
files = [
    {file = "exceptiongroup-1.2.2-py3-none-any.whl", hash = "sha256:3111b9d131c238bec2f8f516e123e14ba243563fb135d3fe885990585aa7795b"},
    {file = "exceptiongroup-1.2.2.tar.gz", hash = "sha256:47c2edf7c6738fafb49fd34290706d1a1a2f4d1c6df275526b62cbb4aa5393cc"},
]

[package.extras]
test = ["pytest (>=6)"]

[[package]]
name = "filelock"
version = "3.15.4"
description = "A platform independent file lock."
optional = false
python-versions = ">=3.8"
files = [
    {file = "filelock-3.15.4-py3-none-any.whl", hash = "sha256:6ca1fffae96225dab4c6eaf1c4f4f28cd2568d3ec2a44e15a08520504de468e7"},
    {file = "filelock-3.15.4.tar.gz", hash = "sha256:2207938cbc1844345cb01a5a95524dae30f0ce089eba5b00378295a17e3e90cb"},
]

[package.extras]
docs = ["furo (>=2023.9.10)", "sphinx (>=7.2.6)", "sphinx-autodoc-typehints (>=1.25.2)"]
testing = ["covdefaults (>=2.3)", "coverage (>=7.3.2)", "diff-cover (>=8.0.1)", "pytest (>=7.4.3)", "pytest-asyncio (>=0.21)", "pytest-cov (>=4.1)", "pytest-mock (>=3.12)", "pytest-timeout (>=2.2)", "virtualenv (>=20.26.2)"]
typing = ["typing-extensions (>=4.8)"]

[[package]]
name = "iniconfig"
version = "2.0.0"
description = "brain-dead simple config-ini parsing"
optional = false
python-versions = ">=3.7"
files = [
    {file = "iniconfig-2.0.0-py3-none-any.whl", hash = "sha256:b6a85871a79d2e3b22d2d1b94ac2824226a63c6b741c88f7ae975f18b6778374"},
    {file = "iniconfig-2.0.0.tar.gz", hash = "sha256:2d91e135bf72d31a410b17c16da610a82cb55f6b0477d1a902134b24a455b8b3"},
]

[[package]]
name = "nh3"
version = "0.2.18"
description = "Python bindings to the ammonia HTML sanitization library."
optional = false
python-versions = "*"
files = [
    {file = "nh3-0.2.18-cp37-abi3-macosx_10_12_x86_64.macosx_11_0_arm64.macosx_10_12_universal2.whl", hash = "sha256:14c5a72e9fe82aea5fe3072116ad4661af5cf8e8ff8fc5ad3450f123e4925e86"},
    {file = "nh3-0.2.18-cp37-abi3-macosx_10_12_x86_64.whl", hash = "sha256:7b7c2a3c9eb1a827d42539aa64091640bd275b81e097cd1d8d82ef91ffa2e811"},
    {file = "nh3-0.2.18-cp37-abi3-manylinux_2_17_aarch64.manylinux2014_aarch64.whl", hash = "sha256:42c64511469005058cd17cc1537578eac40ae9f7200bedcfd1fc1a05f4f8c200"},
    {file = "nh3-0.2.18-cp37-abi3-manylinux_2_17_armv7l.manylinux2014_armv7l.whl", hash = "sha256:0411beb0589eacb6734f28d5497ca2ed379eafab8ad8c84b31bb5c34072b7164"},
    {file = "nh3-0.2.18-cp37-abi3-manylinux_2_17_ppc64.manylinux2014_ppc64.whl", hash = "sha256:5f36b271dae35c465ef5e9090e1fdaba4a60a56f0bb0ba03e0932a66f28b9189"},
    {file = "nh3-0.2.18-cp37-abi3-manylinux_2_17_ppc64le.manylinux2014_ppc64le.whl", hash = "sha256:34c03fa78e328c691f982b7c03d4423bdfd7da69cd707fe572f544cf74ac23ad"},
    {file = "nh3-0.2.18-cp37-abi3-manylinux_2_17_s390x.manylinux2014_s390x.whl", hash = "sha256:19aaba96e0f795bd0a6c56291495ff59364f4300d4a39b29a0abc9cb3774a84b"},
    {file = "nh3-0.2.18-cp37-abi3-manylinux_2_17_x86_64.manylinux2014_x86_64.whl", hash = "sha256:de3ceed6e661954871d6cd78b410213bdcb136f79aafe22aa7182e028b8c7307"},
    {file = "nh3-0.2.18-cp37-abi3-manylinux_2_5_i686.manylinux1_i686.whl", hash = "sha256:6955369e4d9f48f41e3f238a9e60f9410645db7e07435e62c6a9ea6135a4907f"},
    {file = "nh3-0.2.18-cp37-abi3-musllinux_1_2_aarch64.whl", hash = "sha256:f0eca9ca8628dbb4e916ae2491d72957fdd35f7a5d326b7032a345f111ac07fe"},
    {file = "nh3-0.2.18-cp37-abi3-musllinux_1_2_armv7l.whl", hash = "sha256:3a157ab149e591bb638a55c8c6bcb8cdb559c8b12c13a8affaba6cedfe51713a"},
    {file = "nh3-0.2.18-cp37-abi3-musllinux_1_2_i686.whl", hash = "sha256:c8b3a1cebcba9b3669ed1a84cc65bf005728d2f0bc1ed2a6594a992e817f3a50"},
    {file = "nh3-0.2.18-cp37-abi3-musllinux_1_2_x86_64.whl", hash = "sha256:36c95d4b70530b320b365659bb5034341316e6a9b30f0b25fa9c9eff4c27a204"},
    {file = "nh3-0.2.18-cp37-abi3-win32.whl", hash = "sha256:a7f1b5b2c15866f2db413a3649a8fe4fd7b428ae58be2c0f6bca5eefd53ca2be"},
    {file = "nh3-0.2.18-cp37-abi3-win_amd64.whl", hash = "sha256:8ce0f819d2f1933953fca255db2471ad58184a60508f03e6285e5114b6254844"},
    {file = "nh3-0.2.18.tar.gz", hash = "sha256:94a166927e53972a9698af9542ace4e38b9de50c34352b962f4d9a7d4c927af4"},
]

[[package]]
name = "nox"
version = "2024.4.15"
description = "Flexible test automation."
optional = false
python-versions = ">=3.7"
files = [
    {file = "nox-2024.4.15-py3-none-any.whl", hash = "sha256:6492236efa15a460ecb98e7b67562a28b70da006ab0be164e8821177577c0565"},
    {file = "nox-2024.4.15.tar.gz", hash = "sha256:ecf6700199cdfa9e5ea0a41ff5e6ef4641d09508eda6edb89d9987864115817f"},
]

[package.dependencies]
argcomplete = ">=1.9.4,<4.0"
colorlog = ">=2.6.1,<7.0.0"
packaging = ">=20.9"
tomli = {version = ">=1", markers = "python_version < \"3.11\""}
virtualenv = ">=20.14.1"

[package.extras]
tox-to-nox = ["jinja2", "tox"]
uv = ["uv (>=0.1.6)"]

[[package]]
name = "packaging"
version = "24.1"
description = "Core utilities for Python packages"
optional = false
python-versions = ">=3.8"
files = [
    {file = "packaging-24.1-py3-none-any.whl", hash = "sha256:5b8f2217dbdbd2f7f384c41c628544e6d52f2d0f53c6d0c3ea61aa5d1d7ff124"},
    {file = "packaging-24.1.tar.gz", hash = "sha256:026ed72c8ed3fcce5bf8950572258698927fd1dbda10a5e981cdf0ac37f4f002"},
]

[[package]]
name = "platformdirs"
version = "4.2.2"
description = "A small Python package for determining appropriate platform-specific dirs, e.g. a `user data dir`."
optional = false
python-versions = ">=3.8"
files = [
    {file = "platformdirs-4.2.2-py3-none-any.whl", hash = "sha256:2d7a1657e36a80ea911db832a8a6ece5ee53d8de21edd5cc5879af6530b1bfee"},
    {file = "platformdirs-4.2.2.tar.gz", hash = "sha256:38b7b51f512eed9e84a22788b4bce1de17c0adb134d6becb09836e37d8654cd3"},
]

[package.extras]
docs = ["furo (>=2023.9.10)", "proselint (>=0.13)", "sphinx (>=7.2.6)", "sphinx-autodoc-typehints (>=1.25.2)"]
test = ["appdirs (==1.4.4)", "covdefaults (>=2.3)", "pytest (>=7.4.3)", "pytest-cov (>=4.1)", "pytest-mock (>=3.12)"]
type = ["mypy (>=1.8)"]

[[package]]
name = "pluggy"
version = "1.5.0"
description = "plugin and hook calling mechanisms for python"
optional = false
python-versions = ">=3.8"
files = [
    {file = "pluggy-1.5.0-py3-none-any.whl", hash = "sha256:44e1ad92c8ca002de6377e165f3e0f1be63266ab4d554740532335b9d75ea669"},
    {file = "pluggy-1.5.0.tar.gz", hash = "sha256:2cffa88e94fdc978c4c574f15f9e59b7f4201d439195c3715ca9e2486f1d0cf1"},
]

[package.extras]
dev = ["pre-commit", "tox"]
testing = ["pytest", "pytest-benchmark"]

[[package]]
name = "pytest"
version = "8.3.2"
description = "pytest: simple powerful testing with Python"
optional = false
python-versions = ">=3.8"
files = [
    {file = "pytest-8.3.2-py3-none-any.whl", hash = "sha256:4ba08f9ae7dcf84ded419494d229b48d0903ea6407b030eaec46df5e6a73bba5"},
    {file = "pytest-8.3.2.tar.gz", hash = "sha256:c132345d12ce551242c87269de812483f5bcc87cdbb4722e48487ba194f9fdce"},
]

[package.dependencies]
colorama = {version = "*", markers = "sys_platform == \"win32\""}
exceptiongroup = {version = ">=1.0.0rc8", markers = "python_version < \"3.11\""}
iniconfig = "*"
packaging = "*"
pluggy = ">=1.5,<2"
tomli = {version = ">=1", markers = "python_version < \"3.11\""}

[package.extras]
dev = ["argcomplete", "attrs (>=19.2)", "hypothesis (>=3.56)", "mock", "pygments (>=2.7.2)", "requests", "setuptools", "xmlschema"]

[[package]]
name = "pytest-django"
version = "4.8.0"
description = "A Django plugin for pytest."
optional = false
python-versions = ">=3.8"
files = [
    {file = "pytest-django-4.8.0.tar.gz", hash = "sha256:5d054fe011c56f3b10f978f41a8efb2e5adfc7e680ef36fb571ada1f24779d90"},
    {file = "pytest_django-4.8.0-py3-none-any.whl", hash = "sha256:ca1ddd1e0e4c227cf9e3e40a6afc6d106b3e70868fd2ac5798a22501271cd0c7"},
]

[package.dependencies]
pytest = ">=7.0.0"

[package.extras]
docs = ["sphinx", "sphinx-rtd-theme"]
testing = ["Django", "django-configurations (>=2.0)"]

[[package]]
name = "ruff"
version = "0.5.5"
description = "An extremely fast Python linter and code formatter, written in Rust."
optional = false
python-versions = ">=3.7"
files = [
    {file = "ruff-0.5.5-py3-none-linux_armv6l.whl", hash = "sha256:605d589ec35d1da9213a9d4d7e7a9c761d90bba78fc8790d1c5e65026c1b9eaf"},
    {file = "ruff-0.5.5-py3-none-macosx_10_12_x86_64.whl", hash = "sha256:00817603822a3e42b80f7c3298c8269e09f889ee94640cd1fc7f9329788d7bf8"},
    {file = "ruff-0.5.5-py3-none-macosx_11_0_arm64.whl", hash = "sha256:187a60f555e9f865a2ff2c6984b9afeffa7158ba6e1eab56cb830404c942b0f3"},
    {file = "ruff-0.5.5-py3-none-manylinux_2_17_aarch64.manylinux2014_aarch64.whl", hash = "sha256:fe26fc46fa8c6e0ae3f47ddccfbb136253c831c3289bba044befe68f467bfb16"},
    {file = "ruff-0.5.5-py3-none-manylinux_2_17_armv7l.manylinux2014_armv7l.whl", hash = "sha256:4ad25dd9c5faac95c8e9efb13e15803cd8bbf7f4600645a60ffe17c73f60779b"},
    {file = "ruff-0.5.5-py3-none-manylinux_2_17_i686.manylinux2014_i686.whl", hash = "sha256:f70737c157d7edf749bcb952d13854e8f745cec695a01bdc6e29c29c288fc36e"},
    {file = "ruff-0.5.5-py3-none-manylinux_2_17_ppc64.manylinux2014_ppc64.whl", hash = "sha256:cfd7de17cef6ab559e9f5ab859f0d3296393bc78f69030967ca4d87a541b97a0"},
    {file = "ruff-0.5.5-py3-none-manylinux_2_17_ppc64le.manylinux2014_ppc64le.whl", hash = "sha256:a09b43e02f76ac0145f86a08e045e2ea452066f7ba064fd6b0cdccb486f7c3e7"},
    {file = "ruff-0.5.5-py3-none-manylinux_2_17_s390x.manylinux2014_s390x.whl", hash = "sha256:d0b856cb19c60cd40198be5d8d4b556228e3dcd545b4f423d1ad812bfdca5884"},
    {file = "ruff-0.5.5-py3-none-manylinux_2_17_x86_64.manylinux2014_x86_64.whl", hash = "sha256:3687d002f911e8a5faf977e619a034d159a8373514a587249cc00f211c67a091"},
    {file = "ruff-0.5.5-py3-none-musllinux_1_2_aarch64.whl", hash = "sha256:ac9dc814e510436e30d0ba535f435a7f3dc97f895f844f5b3f347ec8c228a523"},
    {file = "ruff-0.5.5-py3-none-musllinux_1_2_armv7l.whl", hash = "sha256:af9bdf6c389b5add40d89b201425b531e0a5cceb3cfdcc69f04d3d531c6be74f"},
    {file = "ruff-0.5.5-py3-none-musllinux_1_2_i686.whl", hash = "sha256:d40a8533ed545390ef8315b8e25c4bb85739b90bd0f3fe1280a29ae364cc55d8"},
    {file = "ruff-0.5.5-py3-none-musllinux_1_2_x86_64.whl", hash = "sha256:cab904683bf9e2ecbbe9ff235bfe056f0eba754d0168ad5407832928d579e7ab"},
    {file = "ruff-0.5.5-py3-none-win32.whl", hash = "sha256:696f18463b47a94575db635ebb4c178188645636f05e934fdf361b74edf1bb2d"},
    {file = "ruff-0.5.5-py3-none-win_amd64.whl", hash = "sha256:50f36d77f52d4c9c2f1361ccbfbd09099a1b2ea5d2b2222c586ab08885cf3445"},
    {file = "ruff-0.5.5-py3-none-win_arm64.whl", hash = "sha256:3191317d967af701f1b73a31ed5788795936e423b7acce82a2b63e26eb3e89d6"},
    {file = "ruff-0.5.5.tar.gz", hash = "sha256:cc5516bdb4858d972fbc31d246bdb390eab8df1a26e2353be2dbc0c2d7f5421a"},
]

[[package]]
name = "setuptools"
version = "71.1.0"
description = "Easily download, build, install, upgrade, and uninstall Python packages"
optional = false
python-versions = ">=3.8"
files = [
    {file = "setuptools-71.1.0-py3-none-any.whl", hash = "sha256:33874fdc59b3188304b2e7c80d9029097ea31627180896fb549c578ceb8a0855"},
    {file = "setuptools-71.1.0.tar.gz", hash = "sha256:032d42ee9fb536e33087fb66cac5f840eb9391ed05637b3f2a76a7c8fb477936"},
]

[package.extras]
core = ["importlib-metadata (>=6)", "importlib-resources (>=5.10.2)", "jaraco.text (>=3.7)", "more-itertools (>=8.8)", "ordered-set (>=3.1.1)", "packaging (>=24)", "platformdirs (>=2.6.2)", "tomli (>=2.0.1)", "wheel (>=0.43.0)"]
doc = ["furo", "jaraco.packaging (>=9.3)", "jaraco.tidelift (>=1.4)", "pygments-github-lexers (==0.0.5)", "pyproject-hooks (!=1.1)", "rst.linker (>=1.9)", "sphinx (>=3.5)", "sphinx-favicon", "sphinx-inline-tabs", "sphinx-lint", "sphinx-notfound-page (>=1,<2)", "sphinx-reredirects", "sphinxcontrib-towncrier"]
test = ["build[virtualenv] (>=1.0.3)", "filelock (>=3.4.0)", "importlib-metadata", "ini2toml[lite] (>=0.14)", "jaraco.develop (>=7.21)", "jaraco.envs (>=2.2)", "jaraco.path (>=3.2.0)", "jaraco.test", "mypy (==1.11.*)", "packaging (>=23.2)", "pip (>=19.1)", "pyproject-hooks (!=1.1)", "pytest (>=6,!=8.1.*)", "pytest-checkdocs (>=2.4)", "pytest-cov", "pytest-enabler (>=2.2)", "pytest-home (>=0.5)", "pytest-mypy", "pytest-perf", "pytest-ruff (<0.4)", "pytest-ruff (>=0.2.1)", "pytest-ruff (>=0.3.2)", "pytest-subprocess", "pytest-timeout", "pytest-xdist (>=3)", "tomli", "tomli-w (>=1.0.0)", "virtualenv (>=13.0.0)", "wheel"]

[[package]]
name = "six"
version = "1.16.0"
description = "Python 2 and 3 compatibility utilities"
optional = false
python-versions = ">=2.7, !=3.0.*, !=3.1.*, !=3.2.*"
files = [
    {file = "six-1.16.0-py2.py3-none-any.whl", hash = "sha256:8abb2f1d86890a2dfb989f9a77cfcfd3e47c2a354b01111771326f8aa26e0254"},
    {file = "six-1.16.0.tar.gz", hash = "sha256:1e61c37477a1626458e36f7b1d82aa5c9b094fa4802892072e49de9c60c4c926"},
]

[[package]]
name = "sqlparse"
version = "0.5.1"
description = "A non-validating SQL parser."
optional = false
python-versions = ">=3.8"
files = [
    {file = "sqlparse-0.5.1-py3-none-any.whl", hash = "sha256:773dcbf9a5ab44a090f3441e2180efe2560220203dc2f8c0b0fa141e18b505e4"},
    {file = "sqlparse-0.5.1.tar.gz", hash = "sha256:bb6b4df465655ef332548e24f08e205afc81b9ab86cb1c45657a7ff173a3a00e"},
]

[package.extras]
dev = ["build", "hatch"]
doc = ["sphinx"]

[[package]]
name = "tomli"
version = "2.0.1"
description = "A lil' TOML parser"
optional = false
python-versions = ">=3.7"
files = [
    {file = "tomli-2.0.1-py3-none-any.whl", hash = "sha256:939de3e7a6161af0c887ef91b7d41a53e7c5a1ca976325f429cb46ea9bc30ecc"},
    {file = "tomli-2.0.1.tar.gz", hash = "sha256:de526c12914f0c550d15924c62d72abc48d6fe7364aa87328337a31007fe8a4f"},
]

[[package]]
name = "typing-extensions"
version = "4.12.2"
description = "Backported and Experimental Type Hints for Python 3.8+"
optional = false
python-versions = ">=3.8"
files = [
    {file = "typing_extensions-4.12.2-py3-none-any.whl", hash = "sha256:04e5ca0351e0f3f85c6853954072df659d0d13fac324d0072316b67d7794700d"},
    {file = "typing_extensions-4.12.2.tar.gz", hash = "sha256:1a7ead55c7e559dd4dee8856e3a88b41225abfe1ce8df57b7c13915fe121ffb8"},
]

[[package]]
name = "tzdata"
version = "2024.1"
description = "Provider of IANA time zone data"
optional = false
python-versions = ">=2"
files = [
    {file = "tzdata-2024.1-py2.py3-none-any.whl", hash = "sha256:9068bc196136463f5245e51efda838afa15aaeca9903f49050dfa2679db4d252"},
    {file = "tzdata-2024.1.tar.gz", hash = "sha256:2674120f8d891909751c38abcdfd386ac0a5a1127954fbc332af6b5ceae07efd"},
]

[[package]]
name = "virtualenv"
version = "20.26.3"
description = "Virtual Python Environment builder"
optional = false
python-versions = ">=3.7"
files = [
    {file = "virtualenv-20.26.3-py3-none-any.whl", hash = "sha256:8cc4a31139e796e9a7de2cd5cf2489de1217193116a8fd42328f1bd65f434589"},
    {file = "virtualenv-20.26.3.tar.gz", hash = "sha256:4c43a2a236279d9ea36a0d76f98d84bd6ca94ac4e0f4a3b9d46d05e10fea542a"},
]

[package.dependencies]
distlib = ">=0.3.7,<1"
filelock = ">=3.12.2,<4"
platformdirs = ">=3.9.1,<5"

[package.extras]
docs = ["furo (>=2023.7.26)", "proselint (>=0.13)", "sphinx (>=7.1.2,!=7.3)", "sphinx-argparse (>=0.4)", "sphinxcontrib-towncrier (>=0.2.1a0)", "towncrier (>=23.6)"]
test = ["covdefaults (>=2.3)", "coverage (>=7.2.7)", "coverage-enable-subprocess (>=1)", "flaky (>=3.7)", "packaging (>=23.1)", "pytest (>=7.4)", "pytest-env (>=0.8.2)", "pytest-freezer (>=0.4.8)", "pytest-mock (>=3.11.1)", "pytest-randomly (>=3.12)", "pytest-timeout (>=2.1)", "setuptools (>=68)", "time-machine (>=2.10)"]

[[package]]
name = "whoosh"
version = "2.7.4"
description = "Fast, pure-Python full text indexing, search, and spell checking library."
optional = false
python-versions = "*"
files = [
    {file = "Whoosh-2.7.4-py2.py3-none-any.whl", hash = "sha256:aa39c3c3426e3fd107dcb4bde64ca1e276a65a889d9085a6e4b54ba82420a852"},
    {file = "Whoosh-2.7.4.tar.gz", hash = "sha256:7ca5633dbfa9e0e0fa400d3151a8a0c4bec53bd2ecedc0a67705b17565c31a83"},
    {file = "Whoosh-2.7.4.zip", hash = "sha256:e0857375f63e9041e03fedd5b7541f97cf78917ac1b6b06c1fcc9b45375dda69"},
]

[metadata]
lock-version = "2.0"
python-versions = ">=3.9"
content-hash = "98859e12a55aa5c19a3c0a606bac75b634eb1477f0793e4bff5014fc25acb8a7"
